<?xml version="1.0" encoding="utf-8"?>
<Project ToolsVersion="4.0" xmlns="http://schemas.microsoft.com/developer/msbuild/2003">
  <ItemGroup>
    <Filter Include="Source Files">
      <UniqueIdentifier>{4FC737F1-C7A5-4376-A066-2A32D752A2FF}</UniqueIdentifier>
      <Extensions>cpp;c;cc;cxx;def;odl;idl;hpj;bat;asm;asmx</Extensions>
    </Filter>
    <Filter Include="Header Files">
      <UniqueIdentifier>{93995380-89BD-4b04-88EB-625FBE52EBFB}</UniqueIdentifier>
      <Extensions>h;hh;hpp;hxx;hm;inl;inc;xsd</Extensions>
    </Filter>
    <Filter Include="Resource Files">
      <UniqueIdentifier>{67DA6AB6-F800-4c08-8B7A-83BB121AAD01}</UniqueIdentifier>
      <Extensions>rc;ico;cur;bmp;dlg;rc2;rct;bin;rgs;gif;jpg;jpeg;jpe;resx;tiff;tif;png;wav;mfcribbon-ms</Extensions>
    </Filter>
    <Filter Include="State">
      <UniqueIdentifier>{f1637dac-659c-4bc8-8b25-795938cf583d}</UniqueIdentifier>
    </Filter>
    <Filter Include="Object">
      <UniqueIdentifier>{0ed7285d-0a7f-41b3-aa2d-0f2c7137d7ea}</UniqueIdentifier>
    </Filter>
    <Filter Include="Object\Enemy">
      <UniqueIdentifier>{bbb527fa-8652-4838-8c48-4f864bd9fb45}</UniqueIdentifier>
    </Filter>
    <Filter Include="Object\Static Object">
      <UniqueIdentifier>{7ce13fe1-b73d-443f-8edf-c93613fd1afa}</UniqueIdentifier>
    </Filter>
    <Filter Include="Object\Amimation">
      <UniqueIdentifier>{5252d9df-bcb4-4d7d-8928-10467085ad30}</UniqueIdentifier>
    </Filter>
    <Filter Include="Object\Sub weapons">
      <UniqueIdentifier>{050c597b-24c8-4706-ae4b-4ab6d549f60d}</UniqueIdentifier>
    </Filter>
    <Filter Include="Object\Item">
      <UniqueIdentifier>{7adbe60e-2203-45f7-a4ea-bd9ff27ffac1}</UniqueIdentifier>
    </Filter>
  </ItemGroup>
  <ItemGroup>
    <ClCompile Include="Winmain.cpp">
      <Filter>Resource Files</Filter>
    </ClCompile>
    <ClCompile Include="Graphics.cpp">
      <Filter>Source Files</Filter>
    </ClCompile>
    <ClCompile Include="dsutil.cpp">
      <Filter>Source Files</Filter>
    </ClCompile>
    <ClCompile Include="dxutil.cpp">
      <Filter>Source Files</Filter>
    </ClCompile>
    <ClCompile Include="Input.cpp">
      <Filter>Source Files</Filter>
    </ClCompile>
    <ClCompile Include="dxsound.cpp">
      <Filter>Source Files</Filter>
    </ClCompile>
    <ClCompile Include="Sound.cpp">
      <Filter>Source Files</Filter>
    </ClCompile>
    <ClCompile Include="Sprite.cpp">
      <Filter>Source Files</Filter>
    </ClCompile>
    <ClCompile Include="Animation.cpp">
      <Filter>Source Files</Filter>
    </ClCompile>
    <ClCompile Include="Game.cpp">
      <Filter>Source Files</Filter>
    </ClCompile>
    <ClCompile Include="ViewPort.cpp">
      <Filter>Source Files</Filter>
    </ClCompile>
    <ClCompile Include="Collider.cpp">
      <Filter>Source Files</Filter>
    </ClCompile>
    <ClCompile Include="Bat.cpp">
      <Filter>Object\Enemy</Filter>
    </ClCompile>
    <ClCompile Include="Merman.cpp">
      <Filter>Object\Enemy</Filter>
    </ClCompile>
    <ClCompile Include="Panther.cpp">
      <Filter>Object\Enemy</Filter>
    </ClCompile>
    <ClCompile Include="Zombie.cpp">
      <Filter>Object\Enemy</Filter>
    </ClCompile>
    <ClCompile Include="UI.cpp">
      <Filter>Source Files</Filter>
    </ClCompile>
    <ClCompile Include="GameMenuState.cpp">
      <Filter>State</Filter>
    </ClCompile>
    <ClCompile Include="StateManager.cpp">
      <Filter>State</Filter>
    </ClCompile>
    <ClCompile Include="TileMap.cpp">
      <Filter>Source Files</Filter>
    </ClCompile>
    <ClCompile Include="Whip.cpp">
      <Filter>Source Files</Filter>
    </ClCompile>
    <ClCompile Include="QuadTree.cpp">
      <Filter>Source Files</Filter>
    </ClCompile>
    <ClCompile Include="GamePlayStateOne.cpp">
      <Filter>State</Filter>
    </ClCompile>
    <ClCompile Include="GameObject.cpp">
      <Filter>Object</Filter>
    </ClCompile>
    <ClCompile Include="Enemy.cpp">
      <Filter>Object\Enemy</Filter>
    </ClCompile>
    <ClCompile Include="Simon.cpp">
      <Filter>Object</Filter>
    </ClCompile>
    <ClCompile Include="Ground.cpp">
      <Filter>Object\Static Object</Filter>
    </ClCompile>
    <ClCompile Include="Candle.cpp">
      <Filter>Object\Static Object</Filter>
    </ClCompile>
    <ClCompile Include="LargeCandle.cpp">
      <Filter>Object\Static Object</Filter>
    </ClCompile>
    <ClCompile Include="GameTime.cpp">
      <Filter>Source Files</Filter>
    </ClCompile>
    <ClCompile Include="Stair.cpp">
      <Filter>Object\Static Object</Filter>
    </ClCompile>
    <ClCompile Include="GamePlayStateTwo.cpp">
      <Filter>State</Filter>
    </ClCompile>
    <ClCompile Include="GamePlayStateThree.cpp">
      <Filter>State</Filter>
    </ClCompile>
    <ClCompile Include="MovableGround.cpp">
      <Filter>Object\Static Object</Filter>
    </ClCompile>
    <ClCompile Include="Batman.cpp">
      <Filter>Object\Enemy</Filter>
    </ClCompile>
    <ClCompile Include="Projectile.cpp">
      <Filter>Source Files</Filter>
    </ClCompile>
    <ClCompile Include="DeadAnimation.cpp">
      <Filter>Object\Amimation</Filter>
    </ClCompile>
    <ClCompile Include="SubWeapon.cpp">
      <Filter>Object\Sub weapons</Filter>
    </ClCompile>
    <ClCompile Include="Axe.cpp">
      <Filter>Object\Sub weapons</Filter>
    </ClCompile>
    <ClCompile Include="Cross.cpp">
      <Filter>Object\Sub weapons</Filter>
    </ClCompile>
    <ClCompile Include="HolyWater.cpp">
      <Filter>Object\Sub weapons</Filter>
    </ClCompile>
    <ClCompile Include="CheckPoint.cpp">
      <Filter>Object\Static Object</Filter>
    </ClCompile>
    <ClCompile Include="Knife.cpp">
      <Filter>Object\Sub weapons</Filter>
    </ClCompile>
    <ClCompile Include="Spear_guard.cpp">
      <Filter>Object\Enemy</Filter>
    </ClCompile>
    <ClCompile Include="StopWatch.cpp">
      <Filter>Object\Sub weapons</Filter>
    </ClCompile>
    <ClCompile Include="Item.cpp">
      <Filter>Object\Item</Filter>
    </ClCompile>
    <ClCompile Include="BonePillar.cpp">
      <Filter>Object\Enemy</Filter>
    </ClCompile>
    <ClCompile Include="MedusaHead.cpp">
      <Filter>Object\Enemy</Filter>
    </ClCompile>
    <ClCompile Include="Ghost.cpp">
      <Filter>Object\Enemy</Filter>
    </ClCompile>
    <ClCompile Include="Door.cpp">
      <Filter>Object\Static Object</Filter>
    </ClCompile>
    <ClCompile Include="SceneCheck.cpp">
      <Filter>Object\Static Object</Filter>
    </ClCompile>
    <ClCompile Include="Medusa.cpp">
      <Filter>Object\Enemy</Filter>
    </ClCompile>
    <ClCompile Include="BlueBat.cpp">
      <Filter>Object\Enemy</Filter>
    </ClCompile>
    <ClCompile Include="GameState.cpp">
      <Filter>State</Filter>
    </ClCompile>
    <ClCompile Include="CollideEffect.cpp">
      <Filter>Source Files</Filter>
    </ClCompile>
    <ClCompile Include="IntroScene.cpp">
      <Filter>State</Filter>
    </ClCompile>
    <ClCompile Include="BatAnimation.cpp">
      <Filter>Object\Amimation</Filter>
    </ClCompile>
    <ClCompile Include="Crusher.cpp">
      <Filter>Object\Enemy</Filter>
    </ClCompile>
    <ClCompile Include="Surface.cpp">
      <Filter>Object\Static Object</Filter>
    </ClCompile>
    <ClCompile Include="TitleAnimation.cpp">
      <Filter>Object\Amimation</Filter>
    </ClCompile>
    <ClCompile Include="WaterAnimation.cpp">
      <Filter>Object\Amimation</Filter>
    </ClCompile>
    <ClCompile Include="Snake.cpp">
      <Filter>Object\Enemy</Filter>
    </ClCompile>
  </ItemGroup>
  <ItemGroup>
    <ClInclude Include="define.h">
      <Filter>Header Files</Filter>
    </ClInclude>
    <ClInclude Include="Graphics.h">
      <Filter>Header Files</Filter>
    </ClInclude>
    <ClInclude Include="Input.h">
      <Filter>Header Files</Filter>
    </ClInclude>
    <ClInclude Include="dsutil.h">
      <Filter>Header Files</Filter>
    </ClInclude>
    <ClInclude Include="dxutil.h">
      <Filter>Header Files</Filter>
    </ClInclude>
    <ClInclude Include="dxsound.h">
      <Filter>Header Files</Filter>
    </ClInclude>
    <ClInclude Include="Sound.h">
      <Filter>Header Files</Filter>
    </ClInclude>
    <ClInclude Include="Sprite.h">
      <Filter>Header Files</Filter>
    </ClInclude>
    <ClInclude Include="Animation.h">
      <Filter>Header Files</Filter>
    </ClInclude>
    <ClInclude Include="Game.h">
      <Filter>Header Files</Filter>
    </ClInclude>
    <ClInclude Include="ViewPort.h">
      <Filter>Header Files</Filter>
    </ClInclude>
    <ClInclude Include="Collider.h">
      <Filter>Header Files</Filter>
    </ClInclude>
    <ClInclude Include="Bat.h">
      <Filter>Object\Enemy</Filter>
    </ClInclude>
    <ClInclude Include="Merman.h">
      <Filter>Object\Enemy</Filter>
    </ClInclude>
    <ClInclude Include="Panther.h">
      <Filter>Object\Enemy</Filter>
    </ClInclude>
    <ClInclude Include="Zombie.h">
      <Filter>Object\Enemy</Filter>
    </ClInclude>
    <ClInclude Include="UI.h">
      <Filter>Header Files</Filter>
    </ClInclude>
    <ClInclude Include="GameMenuState.h">
      <Filter>State</Filter>
    </ClInclude>
    <ClInclude Include="StateManager.h">
      <Filter>State</Filter>
    </ClInclude>
    <ClInclude Include="TileMap.h">
      <Filter>Header Files</Filter>
    </ClInclude>
    <ClInclude Include="GameState.h">
      <Filter>State</Filter>
    </ClInclude>
    <ClInclude Include="Whip.h">
      <Filter>Header Files</Filter>
    </ClInclude>
    <ClInclude Include="QuadTree.h">
      <Filter>Header Files</Filter>
    </ClInclude>
    <ClInclude Include="GamePlayStateOne.h">
      <Filter>State</Filter>
    </ClInclude>
    <ClInclude Include="GameObject.h">
      <Filter>Object</Filter>
    </ClInclude>
    <ClInclude Include="Enemy.h">
      <Filter>Object\Enemy</Filter>
    </ClInclude>
    <ClInclude Include="Simon.h">
      <Filter>Object</Filter>
    </ClInclude>
    <ClInclude Include="Ground.h">
      <Filter>Object\Static Object</Filter>
    </ClInclude>
    <ClInclude Include="LargeCandle.h">
      <Filter>Object\Static Object</Filter>
    </ClInclude>
    <ClInclude Include="Candle.h">
      <Filter>Object\Static Object</Filter>
    </ClInclude>
    <ClInclude Include="GameTime.h">
      <Filter>Header Files</Filter>
    </ClInclude>
    <ClInclude Include="Stair.h">
      <Filter>Object\Static Object</Filter>
    </ClInclude>
    <ClInclude Include="GamePlayStateThree.h">
      <Filter>State</Filter>
    </ClInclude>
    <ClInclude Include="GamePlayStateTwo.h">
      <Filter>State</Filter>
    </ClInclude>
    <ClInclude Include="MovableGround.h">
      <Filter>Object\Static Object</Filter>
    </ClInclude>
    <ClInclude Include="Batman.h">
      <Filter>Object\Enemy</Filter>
    </ClInclude>
    <ClInclude Include="Projectile.h">
      <Filter>Header Files</Filter>
    </ClInclude>
    <ClInclude Include="DeadAnimation.h">
      <Filter>Object\Amimation</Filter>
    </ClInclude>
    <ClInclude Include="SubWeapon.h">
      <Filter>Object\Sub weapons</Filter>
    </ClInclude>
    <ClInclude Include="Axe.h">
      <Filter>Object\Sub weapons</Filter>
    </ClInclude>
    <ClInclude Include="Cross.h">
      <Filter>Object\Sub weapons</Filter>
    </ClInclude>
    <ClInclude Include="HolyWater.h">
      <Filter>Object\Sub weapons</Filter>
    </ClInclude>
    <ClInclude Include="CheckPoint.h">
      <Filter>Object\Static Object</Filter>
    </ClInclude>
    <ClInclude Include="Knife.h">
      <Filter>Object\Sub weapons</Filter>
    </ClInclude>
    <ClInclude Include="Spear_guard.h">
      <Filter>Object\Enemy</Filter>
    </ClInclude>
    <ClInclude Include="StopWatch.h">
      <Filter>Object\Sub weapons</Filter>
    </ClInclude>
    <ClInclude Include="Item.h">
      <Filter>Object\Item</Filter>
    </ClInclude>
    <ClInclude Include="BonePillar.h">
      <Filter>Object\Enemy</Filter>
    </ClInclude>
    <ClInclude Include="MedusaHead.h">
      <Filter>Object\Enemy</Filter>
    </ClInclude>
    <ClInclude Include="Ghost.h">
      <Filter>Object\Enemy</Filter>
    </ClInclude>
    <ClInclude Include="Door.h">
      <Filter>Object\Static Object</Filter>
    </ClInclude>
    <ClInclude Include="SceneCheck.h">
      <Filter>Object\Static Object</Filter>
    </ClInclude>
    <ClInclude Include="Medusa.h">
      <Filter>Object\Enemy</Filter>
    </ClInclude>
    <ClInclude Include="BlueBat.h">
      <Filter>Object\Enemy</Filter>
    </ClInclude>
    <ClInclude Include="CollideEffect.h">
      <Filter>Header Files</Filter>
    </ClInclude>
    <ClInclude Include="IntroScene.h">
      <Filter>State</Filter>
    </ClInclude>
    <ClInclude Include="BatAnimation.h">
      <Filter>Object\Amimation</Filter>
    </ClInclude>
    <ClInclude Include="resource.h">
      <Filter>Header Files</Filter>
    </ClInclude>
    <ClInclude Include="Crusher.h">
      <Filter>Object\Enemy</Filter>
    </ClInclude>
    <ClInclude Include="Surface.h">
      <Filter>Object\Static Object</Filter>
    </ClInclude>
    <ClInclude Include="TitleAnimation.h">
      <Filter>Object\Amimation</Filter>
    </ClInclude>
    <ClInclude Include="Snake.h">
      <Filter>Object\Enemy</Filter>
    </ClInclude>
    <ClInclude Include="WaterAnimation.h">
      <Filter>Object\Amimation</Filter>
    </ClInclude>
  </ItemGroup>
  <ItemGroup>
    <ResourceCompile Include="CastleVania.rc">
      <Filter>Resource Files</Filter>
    </ResourceCompile>
  </ItemGroup>
</Project>